// !$*UTF8*$!
{
	archiveVersion = 1;
	classes = {
	};
	objectVersion = 46;
	objects = {

/* Begin PBXBuildFile section */
		1F3060181DC08E9B00F53468 /* ObjectCell.swift in Sources */ = {isa = PBXBuildFile; fileRef = 1F3060171DC08E9B00F53468 /* ObjectCell.swift */; };
		1F6561261DB4C9A100DC8F44 /* APIClient.swift in Sources */ = {isa = PBXBuildFile; fileRef = 1F6561251DB4C9A100DC8F44 /* APIClient.swift */; };
		1F65612A1DB4CD1500DC8F44 /* StarWarsClient.swift in Sources */ = {isa = PBXBuildFile; fileRef = 1F6561291DB4CD1500DC8F44 /* StarWarsClient.swift */; };
		1F65612C1DB5333100DC8F44 /* DetailViewController.swift in Sources */ = {isa = PBXBuildFile; fileRef = 1F65612B1DB5333100DC8F44 /* DetailViewController.swift */; };
		1F94209A1DC0B8DB00F7C95F /* HomeViewController.swift in Sources */ = {isa = PBXBuildFile; fileRef = 1F9420991DC0B8DB00F7C95F /* HomeViewController.swift */; };
		1F9EDA7F1DB76B0000C0730A /* DataTypes.swift in Sources */ = {isa = PBXBuildFile; fileRef = 1F9EDA7E1DB76B0000C0730A /* DataTypes.swift */; };
		1F9EDA881DB7BC3700C0730A /* Character.swift in Sources */ = {isa = PBXBuildFile; fileRef = 1F9EDA871DB7BC3700C0730A /* Character.swift */; };
		1F9EDA8A1DB7BCDB00C0730A /* Vehicle.swift in Sources */ = {isa = PBXBuildFile; fileRef = 1F9EDA891DB7BCDB00C0730A /* Vehicle.swift */; };
		1F9EDA8C1DB7BD3F00C0730A /* Starship.swift in Sources */ = {isa = PBXBuildFile; fileRef = 1F9EDA8B1DB7BD3F00C0730A /* Starship.swift */; };
		1F9EDA8E1DB7C1AD00C0730A /* ErrorTypes.swift in Sources */ = {isa = PBXBuildFile; fileRef = 1F9EDA8D1DB7C1AD00C0730A /* ErrorTypes.swift */; };
		1F9EDA901DB7C59900C0730A /* Reachability.swift in Sources */ = {isa = PBXBuildFile; fileRef = 1F9EDA8F1DB7C59900C0730A /* Reachability.swift */; };
		8DC3C5B01D901AB50012AFF7 /* AppDelegate.swift in Sources */ = {isa = PBXBuildFile; fileRef = 8DC3C5AF1D901AB50012AFF7 /* AppDelegate.swift */; };
		8DC3C5B51D901AB50012AFF7 /* Main.storyboard in Resources */ = {isa = PBXBuildFile; fileRef = 8DC3C5B31D901AB50012AFF7 /* Main.storyboard */; };
		8DC3C5B71D901AB50012AFF7 /* Assets.xcassets in Resources */ = {isa = PBXBuildFile; fileRef = 8DC3C5B61D901AB50012AFF7 /* Assets.xcassets */; };
		8DC3C5BA1D901AB50012AFF7 /* LaunchScreen.storyboard in Resources */ = {isa = PBXBuildFile; fileRef = 8DC3C5B81D901AB50012AFF7 /* LaunchScreen.storyboard */; };
/* End PBXBuildFile section */

/* Begin PBXContainerItemProxy section */
		8DC3C5C11D901AB60012AFF7 /* PBXContainerItemProxy */ = {
			isa = PBXContainerItemProxy;
			containerPortal = 8DC3C5A41D901AB50012AFF7 /* Project object */;
			proxyType = 1;
			remoteGlobalIDString = 8DC3C5AB1D901AB50012AFF7;
			remoteInfo = SingleViewAppSwift2Template;
		};
		8DC3C5CC1D901AB60012AFF7 /* PBXContainerItemProxy */ = {
			isa = PBXContainerItemProxy;
			containerPortal = 8DC3C5A41D901AB50012AFF7 /* Project object */;
			proxyType = 1;
			remoteGlobalIDString = 8DC3C5AB1D901AB50012AFF7;
			remoteInfo = SingleViewAppSwift2Template;
		};
/* End PBXContainerItemProxy section */

/* Begin PBXFileReference section */
		1F3060171DC08E9B00F53468 /* ObjectCell.swift */ = {isa = PBXFileReference; fileEncoding = 4; lastKnownFileType = sourcecode.swift; path = ObjectCell.swift; sourceTree = "<group>"; };
		1F6561251DB4C9A100DC8F44 /* APIClient.swift */ = {isa = PBXFileReference; fileEncoding = 4; lastKnownFileType = sourcecode.swift; path = APIClient.swift; sourceTree = "<group>"; };
		1F6561291DB4CD1500DC8F44 /* StarWarsClient.swift */ = {isa = PBXFileReference; fileEncoding = 4; lastKnownFileType = sourcecode.swift; path = StarWarsClient.swift; sourceTree = "<group>"; };
		1F65612B1DB5333100DC8F44 /* DetailViewController.swift */ = {isa = PBXFileReference; fileEncoding = 4; lastKnownFileType = sourcecode.swift; path = DetailViewController.swift; sourceTree = "<group>"; };
		1F9420991DC0B8DB00F7C95F /* HomeViewController.swift */ = {isa = PBXFileReference; fileEncoding = 4; lastKnownFileType = sourcecode.swift; path = HomeViewController.swift; sourceTree = "<group>"; };
		1F9EDA7E1DB76B0000C0730A /* DataTypes.swift */ = {isa = PBXFileReference; fileEncoding = 4; lastKnownFileType = sourcecode.swift; path = DataTypes.swift; sourceTree = "<group>"; };
		1F9EDA871DB7BC3700C0730A /* Character.swift */ = {isa = PBXFileReference; fileEncoding = 4; lastKnownFileType = sourcecode.swift; path = Character.swift; sourceTree = "<group>"; };
		1F9EDA891DB7BCDB00C0730A /* Vehicle.swift */ = {isa = PBXFileReference; fileEncoding = 4; lastKnownFileType = sourcecode.swift; path = Vehicle.swift; sourceTree = "<group>"; };
		1F9EDA8B1DB7BD3F00C0730A /* Starship.swift */ = {isa = PBXFileReference; fileEncoding = 4; lastKnownFileType = sourcecode.swift; path = Starship.swift; sourceTree = "<group>"; };
		1F9EDA8D1DB7C1AD00C0730A /* ErrorTypes.swift */ = {isa = PBXFileReference; fileEncoding = 4; lastKnownFileType = sourcecode.swift; path = ErrorTypes.swift; sourceTree = "<group>"; };
		1F9EDA8F1DB7C59900C0730A /* Reachability.swift */ = {isa = PBXFileReference; fileEncoding = 4; lastKnownFileType = sourcecode.swift; path = Reachability.swift; sourceTree = "<group>"; };
		8DC3C5AC1D901AB50012AFF7 /* TheAPIAwakens.app */ = {isa = PBXFileReference; explicitFileType = wrapper.application; includeInIndex = 0; path = TheAPIAwakens.app; sourceTree = BUILT_PRODUCTS_DIR; };
		8DC3C5AF1D901AB50012AFF7 /* AppDelegate.swift */ = {isa = PBXFileReference; lastKnownFileType = sourcecode.swift; path = AppDelegate.swift; sourceTree = "<group>"; };
		8DC3C5B41D901AB50012AFF7 /* Base */ = {isa = PBXFileReference; lastKnownFileType = file.storyboard; name = Base; path = Base.lproj/Main.storyboard; sourceTree = "<group>"; };
		8DC3C5B61D901AB50012AFF7 /* Assets.xcassets */ = {isa = PBXFileReference; lastKnownFileType = folder.assetcatalog; path = Assets.xcassets; sourceTree = "<group>"; };
		8DC3C5B91D901AB50012AFF7 /* Base */ = {isa = PBXFileReference; lastKnownFileType = file.storyboard; name = Base; path = Base.lproj/LaunchScreen.storyboard; sourceTree = "<group>"; };
		8DC3C5BB1D901AB50012AFF7 /* Info.plist */ = {isa = PBXFileReference; lastKnownFileType = text.plist.xml; path = Info.plist; sourceTree = "<group>"; };
		8DC3C5C01D901AB60012AFF7 /* TheAPIAwakensTests.xctest */ = {isa = PBXFileReference; explicitFileType = wrapper.cfbundle; includeInIndex = 0; path = TheAPIAwakensTests.xctest; sourceTree = BUILT_PRODUCTS_DIR; };
		8DC3C5CB1D901AB60012AFF7 /* TheAPIAwakensUITests.xctest */ = {isa = PBXFileReference; explicitFileType = wrapper.cfbundle; includeInIndex = 0; path = TheAPIAwakensUITests.xctest; sourceTree = BUILT_PRODUCTS_DIR; };
/* End PBXFileReference section */

/* Begin PBXFrameworksBuildPhase section */
		8DC3C5A91D901AB50012AFF7 /* Frameworks */ = {
			isa = PBXFrameworksBuildPhase;
			buildActionMask = 2147483647;
			files = (
			);
			runOnlyForDeploymentPostprocessing = 0;
		};
		8DC3C5BD1D901AB60012AFF7 /* Frameworks */ = {
			isa = PBXFrameworksBuildPhase;
			buildActionMask = 2147483647;
			files = (
			);
			runOnlyForDeploymentPostprocessing = 0;
		};
		8DC3C5C81D901AB60012AFF7 /* Frameworks */ = {
			isa = PBXFrameworksBuildPhase;
			buildActionMask = 2147483647;
			files = (
			);
			runOnlyForDeploymentPostprocessing = 0;
		};
/* End PBXFrameworksBuildPhase section */

/* Begin PBXGroup section */
		1F4116B41DB8F906003AB650 /* Network */ = {
			isa = PBXGroup;
			children = (
				1F6561251DB4C9A100DC8F44 /* APIClient.swift */,
				1F6561291DB4CD1500DC8F44 /* StarWarsClient.swift */,
			);
			name = Network;
			sourceTree = "<group>";
		};
		1F9EDA861DB7BC1900C0730A /* DataModel */ = {
			isa = PBXGroup;
			children = (
				1F9EDA7E1DB76B0000C0730A /* DataTypes.swift */,
				1F9EDA871DB7BC3700C0730A /* Character.swift */,
				1F9EDA891DB7BCDB00C0730A /* Vehicle.swift */,
				1F9EDA8B1DB7BD3F00C0730A /* Starship.swift */,
				1F9EDA8D1DB7C1AD00C0730A /* ErrorTypes.swift */,
				1F9EDA8F1DB7C59900C0730A /* Reachability.swift */,
			);
			name = DataModel;
			sourceTree = "<group>";
		};
		8DC3C5A31D901AB50012AFF7 = {
			isa = PBXGroup;
			children = (
				8DC3C5AE1D901AB50012AFF7 /* TheAPIAwakens */,
				8DC3C5AD1D901AB50012AFF7 /* Products */,
			);
			sourceTree = "<group>";
		};
		8DC3C5AD1D901AB50012AFF7 /* Products */ = {
			isa = PBXGroup;
			children = (
				8DC3C5AC1D901AB50012AFF7 /* TheAPIAwakens.app */,
				8DC3C5C01D901AB60012AFF7 /* TheAPIAwakensTests.xctest */,
				8DC3C5CB1D901AB60012AFF7 /* TheAPIAwakensUITests.xctest */,
			);
			name = Products;
			sourceTree = "<group>";
		};
		8DC3C5AE1D901AB50012AFF7 /* TheAPIAwakens */ = {
			isa = PBXGroup;
			children = (
				8DC3C5AF1D901AB50012AFF7 /* AppDelegate.swift */,
				1F9420991DC0B8DB00F7C95F /* HomeViewController.swift */,
				1F65612B1DB5333100DC8F44 /* DetailViewController.swift */,
				1F3060171DC08E9B00F53468 /* ObjectCell.swift */,
				8DC3C5B31D901AB50012AFF7 /* Main.storyboard */,
				8DC3C5B61D901AB50012AFF7 /* Assets.xcassets */,
				8DC3C5B81D901AB50012AFF7 /* LaunchScreen.storyboard */,
				8DC3C5BB1D901AB50012AFF7 /* Info.plist */,
				1F4116B41DB8F906003AB650 /* Network */,
				1F9EDA861DB7BC1900C0730A /* DataModel */,
			);
			name = TheAPIAwakens;
			path = SingleViewAppSwift2Template;
			sourceTree = "<group>";
		};
/* End PBXGroup section */

/* Begin PBXNativeTarget section */
		8DC3C5AB1D901AB50012AFF7 /* TheAPIAwakens */ = {
			isa = PBXNativeTarget;
			buildConfigurationList = 8DC3C5D41D901AB60012AFF7 /* Build configuration list for PBXNativeTarget "TheAPIAwakens" */;
			buildPhases = (
				8DC3C5A81D901AB50012AFF7 /* Sources */,
				8DC3C5A91D901AB50012AFF7 /* Frameworks */,
				8DC3C5AA1D901AB50012AFF7 /* Resources */,
			);
			buildRules = (
			);
			dependencies = (
			);
			name = TheAPIAwakens;
			productName = SingleViewAppSwift2Template;
			productReference = 8DC3C5AC1D901AB50012AFF7 /* TheAPIAwakens.app */;
			productType = "com.apple.product-type.application";
		};
		8DC3C5BF1D901AB60012AFF7 /* TheAPIAwakensTests */ = {
			isa = PBXNativeTarget;
			buildConfigurationList = 8DC3C5D71D901AB60012AFF7 /* Build configuration list for PBXNativeTarget "TheAPIAwakensTests" */;
			buildPhases = (
				772D91B9FF5A3B56DB189E2E /* [CP] Check Pods Manifest.lock */,
				8DC3C5BC1D901AB60012AFF7 /* Sources */,
				8DC3C5BD1D901AB60012AFF7 /* Frameworks */,
				8DC3C5BE1D901AB60012AFF7 /* Resources */,
				C248B2B25C151EE1C4AE9AE4 /* [CP] Embed Pods Frameworks */,
				4E9E052D0EABE200D1D595F3 /* [CP] Copy Pods Resources */,
			);
			buildRules = (
			);
			dependencies = (
				8DC3C5C21D901AB60012AFF7 /* PBXTargetDependency */,
			);
			name = TheAPIAwakensTests;
			productName = SingleViewAppSwift2TemplateTests;
			productReference = 8DC3C5C01D901AB60012AFF7 /* TheAPIAwakensTests.xctest */;
			productType = "com.apple.product-type.bundle.unit-test";
		};
		8DC3C5CA1D901AB60012AFF7 /* TheAPIAwakensUITests */ = {
			isa = PBXNativeTarget;
			buildConfigurationList = 8DC3C5DA1D901AB60012AFF7 /* Build configuration list for PBXNativeTarget "TheAPIAwakensUITests" */;
			buildPhases = (
				1F252B1447DE3464B8A45C6F /* [CP] Check Pods Manifest.lock */,
				8DC3C5C71D901AB60012AFF7 /* Sources */,
				8DC3C5C81D901AB60012AFF7 /* Frameworks */,
				8DC3C5C91D901AB60012AFF7 /* Resources */,
				4AF60C2274A917A73AC27A24 /* [CP] Embed Pods Frameworks */,
				CD5E8BB9E24E8C09A3C554D1 /* [CP] Copy Pods Resources */,
			);
			buildRules = (
			);
			dependencies = (
				8DC3C5CD1D901AB60012AFF7 /* PBXTargetDependency */,
			);
			name = TheAPIAwakensUITests;
			productName = SingleViewAppSwift2TemplateUITests;
			productReference = 8DC3C5CB1D901AB60012AFF7 /* TheAPIAwakensUITests.xctest */;
			productType = "com.apple.product-type.bundle.ui-testing";
		};
/* End PBXNativeTarget section */

/* Begin PBXProject section */
		8DC3C5A41D901AB50012AFF7 /* Project object */ = {
			isa = PBXProject;
			attributes = {
				LastSwiftUpdateCheck = 0730;
				LastUpgradeCheck = 0800;
				ORGANIZATIONNAME = Treehouse;
				TargetAttributes = {
					8DC3C5AB1D901AB50012AFF7 = {
						CreatedOnToolsVersion = 7.3.1;
						DevelopmentTeam = UNAZBL2AFD;
						LastSwiftMigration = 0800;
					};
					8DC3C5BF1D901AB60012AFF7 = {
						CreatedOnToolsVersion = 7.3.1;
						TestTargetID = 8DC3C5AB1D901AB50012AFF7;
					};
					8DC3C5CA1D901AB60012AFF7 = {
						CreatedOnToolsVersion = 7.3.1;
						TestTargetID = 8DC3C5AB1D901AB50012AFF7;
					};
				};
			};
			buildConfigurationList = 8DC3C5A71D901AB50012AFF7 /* Build configuration list for PBXProject "TheAPIAwakens" */;
			compatibilityVersion = "Xcode 3.2";
			developmentRegion = English;
			hasScannedForEncodings = 0;
			knownRegions = (
				en,
				Base,
			);
			mainGroup = 8DC3C5A31D901AB50012AFF7;
			productRefGroup = 8DC3C5AD1D901AB50012AFF7 /* Products */;
			projectDirPath = "";
			projectRoot = "";
			targets = (
				8DC3C5AB1D901AB50012AFF7 /* TheAPIAwakens */,
				8DC3C5BF1D901AB60012AFF7 /* TheAPIAwakensTests */,
				8DC3C5CA1D901AB60012AFF7 /* TheAPIAwakensUITests */,
			);
		};
/* End PBXProject section */

/* Begin PBXResourcesBuildPhase section */
		8DC3C5AA1D901AB50012AFF7 /* Resources */ = {
			isa = PBXResourcesBuildPhase;
			buildActionMask = 2147483647;
			files = (
				8DC3C5BA1D901AB50012AFF7 /* LaunchScreen.storyboard in Resources */,
				8DC3C5B71D901AB50012AFF7 /* Assets.xcassets in Resources */,
				8DC3C5B51D901AB50012AFF7 /* Main.storyboard in Resources */,
			);
			runOnlyForDeploymentPostprocessing = 0;
		};
		8DC3C5BE1D901AB60012AFF7 /* Resources */ = {
			isa = PBXResourcesBuildPhase;
			buildActionMask = 2147483647;
			files = (
			);
			runOnlyForDeploymentPostprocessing = 0;
		};
		8DC3C5C91D901AB60012AFF7 /* Resources */ = {
			isa = PBXResourcesBuildPhase;
			buildActionMask = 2147483647;
			files = (
			);
			runOnlyForDeploymentPostprocessing = 0;
		};
/* End PBXResourcesBuildPhase section */

/* Begin PBXShellScriptBuildPhase section */
		1F252B1447DE3464B8A45C6F /* [CP] Check Pods Manifest.lock */ = {
			isa = PBXShellScriptBuildPhase;
			buildActionMask = 2147483647;
			files = (
			);
			inputPaths = (
			);
			name = "[CP] Check Pods Manifest.lock";
			outputPaths = (
			);
			runOnlyForDeploymentPostprocessing = 0;
			shellPath = /bin/sh;
			shellScript = "diff \"${PODS_ROOT}/../Podfile.lock\" \"${PODS_ROOT}/Manifest.lock\" > /dev/null\nif [ $? != 0 ] ; then\n    # print error to STDERR\n    echo \"error: The sandbox is not in sync with the Podfile.lock. Run 'pod install' or update your CocoaPods installation.\" >&2\n    exit 1\nfi\n";
			showEnvVarsInLog = 0;
		};
		4AF60C2274A917A73AC27A24 /* [CP] Embed Pods Frameworks */ = {
			isa = PBXShellScriptBuildPhase;
			buildActionMask = 2147483647;
			files = (
			);
			inputPaths = (
			);
			name = "[CP] Embed Pods Frameworks";
			outputPaths = (
			);
			runOnlyForDeploymentPostprocessing = 0;
			shellPath = /bin/sh;
			shellScript = "\"${SRCROOT}/Pods/Target Support Files/Pods-TheAPIAwakensUITests/Pods-TheAPIAwakensUITests-frameworks.sh\"\n";
			showEnvVarsInLog = 0;
		};
		4E9E052D0EABE200D1D595F3 /* [CP] Copy Pods Resources */ = {
			isa = PBXShellScriptBuildPhase;
			buildActionMask = 2147483647;
			files = (
			);
			inputPaths = (
			);
			name = "[CP] Copy Pods Resources";
			outputPaths = (
			);
			runOnlyForDeploymentPostprocessing = 0;
			shellPath = /bin/sh;
			shellScript = "\"${SRCROOT}/Pods/Target Support Files/Pods-TheAPIAwakensTests/Pods-TheAPIAwakensTests-resources.sh\"\n";
			showEnvVarsInLog = 0;
		};
		772D91B9FF5A3B56DB189E2E /* [CP] Check Pods Manifest.lock */ = {
			isa = PBXShellScriptBuildPhase;
			buildActionMask = 2147483647;
			files = (
			);
			inputPaths = (
			);
			name = "[CP] Check Pods Manifest.lock";
			outputPaths = (
			);
			runOnlyForDeploymentPostprocessing = 0;
			shellPath = /bin/sh;
			shellScript = "diff \"${PODS_ROOT}/../Podfile.lock\" \"${PODS_ROOT}/Manifest.lock\" > /dev/null\nif [ $? != 0 ] ; then\n    # print error to STDERR\n    echo \"error: The sandbox is not in sync with the Podfile.lock. Run 'pod install' or update your CocoaPods installation.\" >&2\n    exit 1\nfi\n";
			showEnvVarsInLog = 0;
		};
		C248B2B25C151EE1C4AE9AE4 /* [CP] Embed Pods Frameworks */ = {
			isa = PBXShellScriptBuildPhase;
			buildActionMask = 2147483647;
			files = (
			);
			inputPaths = (
			);
			name = "[CP] Embed Pods Frameworks";
			outputPaths = (
			);
			runOnlyForDeploymentPostprocessing = 0;
			shellPath = /bin/sh;
			shellScript = "\"${SRCROOT}/Pods/Target Support Files/Pods-TheAPIAwakensTests/Pods-TheAPIAwakensTests-frameworks.sh\"\n";
			showEnvVarsInLog = 0;
		};
		CD5E8BB9E24E8C09A3C554D1 /* [CP] Copy Pods Resources */ = {
			isa = PBXShellScriptBuildPhase;
			buildActionMask = 2147483647;
			files = (
			);
			inputPaths = (
			);
			name = "[CP] Copy Pods Resources";
			outputPaths = (
			);
			runOnlyForDeploymentPostprocessing = 0;
			shellPath = /bin/sh;
			shellScript = "\"${SRCROOT}/Pods/Target Support Files/Pods-TheAPIAwakensUITests/Pods-TheAPIAwakensUITests-resources.sh\"\n";
			showEnvVarsInLog = 0;
		};
/* End PBXShellScriptBuildPhase section */

/* Begin PBXSourcesBuildPhase section */
		8DC3C5A81D901AB50012AFF7 /* Sources */ = {
			isa = PBXSourcesBuildPhase;
			buildActionMask = 2147483647;
			files = (
				1F9EDA881DB7BC3700C0730A /* Character.swift in Sources */,
				1F9EDA8C1DB7BD3F00C0730A /* Starship.swift in Sources */,
				1F65612A1DB4CD1500DC8F44 /* StarWarsClient.swift in Sources */,
				1F65612C1DB5333100DC8F44 /* DetailViewController.swift in Sources */,
				1F9EDA7F1DB76B0000C0730A /* DataTypes.swift in Sources */,
				8DC3C5B01D901AB50012AFF7 /* AppDelegate.swift in Sources */,
				1F6561261DB4C9A100DC8F44 /* APIClient.swift in Sources */,
				1F9EDA8A1DB7BCDB00C0730A /* Vehicle.swift in Sources */,
				1F3060181DC08E9B00F53468 /* ObjectCell.swift in Sources */,
				1F9EDA8E1DB7C1AD00C0730A /* ErrorTypes.swift in Sources */,
				1F94209A1DC0B8DB00F7C95F /* HomeViewController.swift in Sources */,
				1F9EDA901DB7C59900C0730A /* Reachability.swift in Sources */,
			);
			runOnlyForDeploymentPostprocessing = 0;
		};
		8DC3C5BC1D901AB60012AFF7 /* Sources */ = {
			isa = PBXSourcesBuildPhase;
			buildActionMask = 2147483647;
			files = (
			);
			runOnlyForDeploymentPostprocessing = 0;
		};
		8DC3C5C71D901AB60012AFF7 /* Sources */ = {
			isa = PBXSourcesBuildPhase;
			buildActionMask = 2147483647;
			files = (
			);
			runOnlyForDeploymentPostprocessing = 0;
		};
/* End PBXSourcesBuildPhase section */

/* Begin PBXTargetDependency section */
		8DC3C5C21D901AB60012AFF7 /* PBXTargetDependency */ = {
			isa = PBXTargetDependency;
			target = 8DC3C5AB1D901AB50012AFF7 /* TheAPIAwakens */;
			targetProxy = 8DC3C5C11D901AB60012AFF7 /* PBXContainerItemProxy */;
		};
		8DC3C5CD1D901AB60012AFF7 /* PBXTargetDependency */ = {
			isa = PBXTargetDependency;
			target = 8DC3C5AB1D901AB50012AFF7 /* TheAPIAwakens */;
			targetProxy = 8DC3C5CC1D901AB60012AFF7 /* PBXContainerItemProxy */;
		};
/* End PBXTargetDependency section */

/* Begin PBXVariantGroup section */
		8DC3C5B31D901AB50012AFF7 /* Main.storyboard */ = {
			isa = PBXVariantGroup;
			children = (
				8DC3C5B41D901AB50012AFF7 /* Base */,
			);
			name = Main.storyboard;
			sourceTree = "<group>";
		};
		8DC3C5B81D901AB50012AFF7 /* LaunchScreen.storyboard */ = {
			isa = PBXVariantGroup;
			children = (
				8DC3C5B91D901AB50012AFF7 /* Base */,
			);
			name = LaunchScreen.storyboard;
			sourceTree = "<group>";
		};
/* End PBXVariantGroup section */

/* Begin XCBuildConfiguration section */
		8DC3C5D21D901AB60012AFF7 /* Debug */ = {
			isa = XCBuildConfiguration;
			buildSettings = {
				ALWAYS_SEARCH_USER_PATHS = NO;
				CLANG_ANALYZER_NONNULL = YES;
				CLANG_CXX_LANGUAGE_STANDARD = "gnu++0x";
				CLANG_CXX_LIBRARY = "libc++";
				CLANG_ENABLE_MODULES = YES;
				CLANG_ENABLE_OBJC_ARC = YES;
				CLANG_WARN_BOOL_CONVERSION = YES;
				CLANG_WARN_CONSTANT_CONVERSION = YES;
				CLANG_WARN_DIRECT_OBJC_ISA_USAGE = YES_ERROR;
				CLANG_WARN_EMPTY_BODY = YES;
				CLANG_WARN_ENUM_CONVERSION = YES;
				CLANG_WARN_INFINITE_RECURSION = YES;
				CLANG_WARN_INT_CONVERSION = YES;
				CLANG_WARN_OBJC_ROOT_CLASS = YES_ERROR;
				CLANG_WARN_SUSPICIOUS_MOVE = YES;
				CLANG_WARN_UNREACHABLE_CODE = YES;
				CLANG_WARN__DUPLICATE_METHOD_MATCH = YES;
				"CODE_SIGN_IDENTITY[sdk=iphoneos*]" = "iPhone Developer";
				COPY_PHASE_STRIP = NO;
				DEBUG_INFORMATION_FORMAT = dwarf;
				ENABLE_STRICT_OBJC_MSGSEND = YES;
				ENABLE_TESTABILITY = YES;
				GCC_C_LANGUAGE_STANDARD = gnu99;
				GCC_DYNAMIC_NO_PIC = NO;
				GCC_NO_COMMON_BLOCKS = YES;
				GCC_OPTIMIZATION_LEVEL = 0;
				GCC_PREPROCESSOR_DEFINITIONS = (
					"DEBUG=1",
					"$(inherited)",
				);
				GCC_WARN_64_TO_32_BIT_CONVERSION = YES;
				GCC_WARN_ABOUT_RETURN_TYPE = YES_ERROR;
				GCC_WARN_UNDECLARED_SELECTOR = YES;
				GCC_WARN_UNINITIALIZED_AUTOS = YES_AGGRESSIVE;
				GCC_WARN_UNUSED_FUNCTION = YES;
				GCC_WARN_UNUSED_VARIABLE = YES;
				IPHONEOS_DEPLOYMENT_TARGET = 9.3;
				MTL_ENABLE_DEBUG_INFO = YES;
				ONLY_ACTIVE_ARCH = YES;
				SDKROOT = iphoneos;
				SWIFT_OPTIMIZATION_LEVEL = "-Onone";
			};
			name = Debug;
		};
		8DC3C5D31D901AB60012AFF7 /* Release */ = {
			isa = XCBuildConfiguration;
			buildSettings = {
				ALWAYS_SEARCH_USER_PATHS = NO;
				CLANG_ANALYZER_NONNULL = YES;
				CLANG_CXX_LANGUAGE_STANDARD = "gnu++0x";
				CLANG_CXX_LIBRARY = "libc++";
				CLANG_ENABLE_MODULES = YES;
				CLANG_ENABLE_OBJC_ARC = YES;
				CLANG_WARN_BOOL_CONVERSION = YES;
				CLANG_WARN_CONSTANT_CONVERSION = YES;
				CLANG_WARN_DIRECT_OBJC_ISA_USAGE = YES_ERROR;
				CLANG_WARN_EMPTY_BODY = YES;
				CLANG_WARN_ENUM_CONVERSION = YES;
				CLANG_WARN_INFINITE_RECURSION = YES;
				CLANG_WARN_INT_CONVERSION = YES;
				CLANG_WARN_OBJC_ROOT_CLASS = YES_ERROR;
				CLANG_WARN_SUSPICIOUS_MOVE = YES;
				CLANG_WARN_UNREACHABLE_CODE = YES;
				CLANG_WARN__DUPLICATE_METHOD_MATCH = YES;
				"CODE_SIGN_IDENTITY[sdk=iphoneos*]" = "iPhone Developer";
				COPY_PHASE_STRIP = NO;
				DEBUG_INFORMATION_FORMAT = "dwarf-with-dsym";
				ENABLE_NS_ASSERTIONS = NO;
				ENABLE_STRICT_OBJC_MSGSEND = YES;
				GCC_C_LANGUAGE_STANDARD = gnu99;
				GCC_NO_COMMON_BLOCKS = YES;
				GCC_WARN_64_TO_32_BIT_CONVERSION = YES;
				GCC_WARN_ABOUT_RETURN_TYPE = YES_ERROR;
				GCC_WARN_UNDECLARED_SELECTOR = YES;
				GCC_WARN_UNINITIALIZED_AUTOS = YES_AGGRESSIVE;
				GCC_WARN_UNUSED_FUNCTION = YES;
				GCC_WARN_UNUSED_VARIABLE = YES;
				IPHONEOS_DEPLOYMENT_TARGET = 9.3;
				MTL_ENABLE_DEBUG_INFO = NO;
				SDKROOT = iphoneos;
				SWIFT_OPTIMIZATION_LEVEL = "-Owholemodule";
				VALIDATE_PRODUCT = YES;
			};
			name = Release;
		};
		8DC3C5D51D901AB60012AFF7 /* Debug */ = {
			isa = XCBuildConfiguration;
			buildSettings = {
				ASSETCATALOG_COMPILER_APPICON_NAME = AppIcon;
				DEVELOPMENT_TEAM = UNAZBL2AFD;
				INFOPLIST_FILE = SingleViewAppSwift2Template/Info.plist;
				LD_RUNPATH_SEARCH_PATHS = "$(inherited) @executable_path/Frameworks";
				PRODUCT_BUNDLE_IDENTIFIER = com.recapted.APIAwakens;
				PRODUCT_NAME = "$(TARGET_NAME)";
				SWIFT_VERSION = 2.3;
			};
			name = Debug;
		};
		8DC3C5D61D901AB60012AFF7 /* Release */ = {
			isa = XCBuildConfiguration;
			buildSettings = {
				ASSETCATALOG_COMPILER_APPICON_NAME = AppIcon;
				DEVELOPMENT_TEAM = UNAZBL2AFD;
				INFOPLIST_FILE = SingleViewAppSwift2Template/Info.plist;
				LD_RUNPATH_SEARCH_PATHS = "$(inherited) @executable_path/Frameworks";
				PRODUCT_BUNDLE_IDENTIFIER = com.recapted.APIAwakens;
				PRODUCT_NAME = "$(TARGET_NAME)";
				SWIFT_VERSION = 2.3;
			};
			name = Release;
		};
		8DC3C5D81D901AB60012AFF7 /* Debug */ = {
			isa = XCBuildConfiguration;
			buildSettings = {
				BUNDLE_LOADER = "$(TEST_HOST)";
				INFOPLIST_FILE = SingleViewAppSwift2TemplateTests/Info.plist;
				LD_RUNPATH_SEARCH_PATHS = "$(inherited) @executable_path/Frameworks @loader_path/Frameworks";
				PRODUCT_BUNDLE_IDENTIFIER = com.teamtreehouse.SingleViewAppSwift2TemplateTests;
				PRODUCT_NAME = "$(TARGET_NAME)";
				TEST_HOST = "$(BUILT_PRODUCTS_DIR)/TheAPIAwakens.app/TheAPIAwakens";
			};
			name = Debug;
		};
		8DC3C5D91D901AB60012AFF7 /* Release */ = {
			isa = XCBuildConfiguration;
			buildSettings = {
				BUNDLE_LOADER = "$(TEST_HOST)";
				INFOPLIST_FILE = SingleViewAppSwift2TemplateTests/Info.plist;
				LD_RUNPATH_SEARCH_PATHS = "$(inherited) @executable_path/Frameworks @loader_path/Frameworks";
				PRODUCT_BUNDLE_IDENTIFIER = com.teamtreehouse.SingleViewAppSwift2TemplateTests;
				PRODUCT_NAME = "$(TARGET_NAME)";
				TEST_HOST = "$(BUILT_PRODUCTS_DIR)/TheAPIAwakens.app/TheAPIAwakens";
			};
			name = Release;
		};
		8DC3C5DB1D901AB60012AFF7 /* Debug */ = {
			isa = XCBuildConfiguration;
			buildSettings = {
				INFOPLIST_FILE = SingleViewAppSwift2TemplateUITests/Info.plist;
				LD_RUNPATH_SEARCH_PATHS = "$(inherited) @executable_path/Frameworks @loader_path/Frameworks";
				PRODUCT_BUNDLE_IDENTIFIER = com.teamtreehouse.SingleViewAppSwift2TemplateUITests;
				PRODUCT_NAME = "$(TARGET_NAME)";
				TEST_TARGET_NAME = SingleViewAppSwift2Template;
			};
			name = Debug;
		};
		8DC3C5DC1D901AB60012AFF7 /* Release */ = {
			isa = XCBuildConfiguration;
			buildSettings = {
				INFOPLIST_FILE = SingleViewAppSwift2TemplateUITests/Info.plist;
				LD_RUNPATH_SEARCH_PATHS = "$(inherited) @executable_path/Frameworks @loader_path/Frameworks";
				PRODUCT_BUNDLE_IDENTIFIER = com.teamtreehouse.SingleViewAppSwift2TemplateUITests;
				PRODUCT_NAME = "$(TARGET_NAME)";
				TEST_TARGET_NAME = SingleViewAppSwift2Template;
			};
			name = Release;
		};
/* End XCBuildConfiguration section */

/* Begin XCConfigurationList section */
		8DC3C5A71D901AB50012AFF7 /* Build configuration list for PBXProject "TheAPIAwakens" */ = {
			isa = XCConfigurationList;
			buildConfigurations = (
				8DC3C5D21D901AB60012AFF7 /* Debug */,
				8DC3C5D31D901AB60012AFF7 /* Release */,
			);
			defaultConfigurationIsVisible = 0;
			defaultConfigurationName = Release;
		};
		8DC3C5D41D901AB60012AFF7 /* Build configuration list for PBXNativeTarget "TheAPIAwakens" */ = {
			isa = XCConfigurationList;
			buildConfigurations = (
				8DC3C5D51D901AB60012AFF7 /* Debug */,
				8DC3C5D61D901AB60012AFF7 /* Release */,
			);
			defaultConfigurationIsVisible = 0;
			defaultConfigurationName = Release;
		};
		8DC3C5D71D901AB60012AFF7 /* Build configuration list for PBXNativeTarget "TheAPIAwakensTests" */ = {
			isa = XCConfigurationList;
			buildConfigurations = (
				8DC3C5D81D901AB60012AFF7 /* Debug */,
				8DC3C5D91D901AB60012AFF7 /* Release */,
			);
			defaultConfigurationIsVisible = 0;
			defaultConfigurationName = Release;
		};
		8DC3C5DA1D901AB60012AFF7 /* Build configuration list for PBXNativeTarget "TheAPIAwakensUITests" */ = {
			isa = XCConfigurationList;
			buildConfigurations = (
				8DC3C5DB1D901AB60012AFF7 /* Debug */,
				8DC3C5DC1D901AB60012AFF7 /* Release */,
			);
			defaultConfigurationIsVisible = 0;
			defaultConfigurationName = Release;
		};
/* End XCConfigurationList section */
	};
	rootObject = 8DC3C5A41D901AB50012AFF7 /* Project object */;
}
